
Microsoft Visual Studio Solution File, Format Version 12.00
# Visual Studio Version 17
VisualStudioVersion = 17.4.33205.214
MinimumVisualStudioVersion = 10.0.40219.1
Project("{FAE04EC0-301F-11D3-BF4B-00C04F79EFBC}") = "ProniaBackEndProject", "ProniaBackEndProject\ProniaBackEndProject.csproj", "{C29AA6D0-CF4D-434C-9230-400F325EDCEB}"
EndProject
Global
	GlobalSection(SolutionConfigurationPlatforms) = preSolution
		Debug|Any CPU = Debug|Any CPU
		Release|Any CPU = Release|Any CPU
	EndGlobalSection
	GlobalSection(ProjectConfigurationPlatforms) = postSolution
		{C29AA6D0-CF4D-434C-9230-400F325EDCEB}.Debug|Any CPU.ActiveCfg = Debug|Any CPU
		{C29AA6D0-CF4D-434C-9230-400F325EDCEB}.Debug|Any CPU.Build.0 = Debug|Any CPU
		{C29AA6D0-CF4D-434C-9230-400F325EDCEB}.Release|Any CPU.ActiveCfg = Release|Any CPU
		{C29AA6D0-CF4D-434C-9230-400F325EDCEB}.Release|Any CPU.Build.0 = Release|Any CPU
	EndGlobalSection
	GlobalSection(SolutionProperties) = preSolution
		HideSolutionNode = FALSE
	EndGlobalSection
	GlobalSection(ExtensibilityGlobals) = postSolution
		SolutionGuid = {89723091-BFEF-429D-9507-0F9185DC8800}
	EndGlobalSection
EndGlobal
